
Microsoft Visual Studio Solution File, Format Version 12.00
# Visual Studio Version 17
VisualStudioVersion = 17.11.35303.130
MinimumVisualStudioVersion = 10.0.40219.1
Project("{FAE04EC0-301F-11D3-BF4B-00C04F79EFBC}") = "Hurricane", "Hurricane\Hurricane.csproj", "{CD341AD9-CCB8-40CC-97B1-7C75B8151A26}"
EndProject
Global
	GlobalSection(SolutionConfigurationPlatforms) = preSolution
		Debug|Any CPU = Debug|Any CPU
		Release|Any CPU = Release|Any CPU
	EndGlobalSection
	GlobalSection(ProjectConfigurationPlatforms) = postSolution
		{CD341AD9-CCB8-40CC-97B1-7C75B8151A26}.Debug|Any CPU.ActiveCfg = Debug|Any CPU
		{CD341AD9-CCB8-40CC-97B1-7C75B8151A26}.Debug|Any CPU.Build.0 = Debug|Any CPU
		{CD341AD9-CCB8-40CC-97B1-7C75B8151A26}.Release|Any CPU.ActiveCfg = Release|Any CPU
		{CD341AD9-CCB8-40CC-97B1-7C75B8151A26}.Release|Any CPU.Build.0 = Release|Any CPU
	EndGlobalSection
	GlobalSection(SolutionProperties) = preSolution
		HideSolutionNode = FALSE
	EndGlobalSection
	GlobalSection(ExtensibilityGlobals) = postSolution
		SolutionGuid = {E8A65E8A-3209-44BA-808D-5BB3358A0E39}
	EndGlobalSection
EndGlobal
