
Microsoft Visual Studio Solution File, Format Version 12.00
# Visual Studio Version 17
VisualStudioVersion = 17.11.35303.130
MinimumVisualStudioVersion = 10.0.40219.1
Project("{FAE04EC0-301F-11D3-BF4B-00C04F79EFBC}") = "InchesToCentimetersGUI", "InchesToCentimetersGUI\InchesToCentimetersGUI.csproj", "{9D9DF46E-9E87-4CF7-9716-52648A35BB3B}"
EndProject
Global
	GlobalSection(SolutionConfigurationPlatforms) = preSolution
		Debug|Any CPU = Debug|Any CPU
		Release|Any CPU = Release|Any CPU
	EndGlobalSection
	GlobalSection(ProjectConfigurationPlatforms) = postSolution
		{9D9DF46E-9E87-4CF7-9716-52648A35BB3B}.Debug|Any CPU.ActiveCfg = Debug|Any CPU
		{9D9DF46E-9E87-4CF7-9716-52648A35BB3B}.Debug|Any CPU.Build.0 = Debug|Any CPU
		{9D9DF46E-9E87-4CF7-9716-52648A35BB3B}.Release|Any CPU.ActiveCfg = Release|Any CPU
		{9D9DF46E-9E87-4CF7-9716-52648A35BB3B}.Release|Any CPU.Build.0 = Release|Any CPU
	EndGlobalSection
	GlobalSection(SolutionProperties) = preSolution
		HideSolutionNode = FALSE
	EndGlobalSection
	GlobalSection(ExtensibilityGlobals) = postSolution
		SolutionGuid = {63B84864-9264-4DBA-B456-0BA95F3A49AB}
	EndGlobalSection
EndGlobal
