
Microsoft Visual Studio Solution File, Format Version 12.00
# Visual Studio Version 17
VisualStudioVersion = 17.11.35303.130
MinimumVisualStudioVersion = 10.0.40219.1
Project("{FAE04EC0-301F-11D3-BF4B-00C04F79EFBC}") = "SumFiveInts", "SumFiveInts\SumFiveInts.csproj", "{098620B8-E623-474B-B907-C10BBFA5AC5E}"
EndProject
Global
	GlobalSection(SolutionConfigurationPlatforms) = preSolution
		Debug|Any CPU = Debug|Any CPU
		Release|Any CPU = Release|Any CPU
	EndGlobalSection
	GlobalSection(ProjectConfigurationPlatforms) = postSolution
		{098620B8-E623-474B-B907-C10BBFA5AC5E}.Debug|Any CPU.ActiveCfg = Debug|Any CPU
		{098620B8-E623-474B-B907-C10BBFA5AC5E}.Debug|Any CPU.Build.0 = Debug|Any CPU
		{098620B8-E623-474B-B907-C10BBFA5AC5E}.Release|Any CPU.ActiveCfg = Release|Any CPU
		{098620B8-E623-474B-B907-C10BBFA5AC5E}.Release|Any CPU.Build.0 = Release|Any CPU
	EndGlobalSection
	GlobalSection(SolutionProperties) = preSolution
		HideSolutionNode = FALSE
	EndGlobalSection
	GlobalSection(ExtensibilityGlobals) = postSolution
		SolutionGuid = {482ED732-88F4-46C8-B2EE-4F833F93A398}
	EndGlobalSection
EndGlobal
