
Microsoft Visual Studio Solution File, Format Version 12.00
# Visual Studio Version 17
VisualStudioVersion = 17.7.34221.43
MinimumVisualStudioVersion = 10.0.40219.1
Project("{FAE04EC0-301F-11D3-BF4B-00C04F79EFBC}") = "HurricaneModularized", "HurricaneModularized\HurricaneModularized.csproj", "{61DC850C-0768-422C-99A4-C4CCA4FB225E}"
EndProject
Global
	GlobalSection(SolutionConfigurationPlatforms) = preSolution
		Debug|Any CPU = Debug|Any CPU
		Release|Any CPU = Release|Any CPU
	EndGlobalSection
	GlobalSection(ProjectConfigurationPlatforms) = postSolution
		{61DC850C-0768-422C-99A4-C4CCA4FB225E}.Debug|Any CPU.ActiveCfg = Debug|Any CPU
		{61DC850C-0768-422C-99A4-C4CCA4FB225E}.Debug|Any CPU.Build.0 = Debug|Any CPU
		{61DC850C-0768-422C-99A4-C4CCA4FB225E}.Release|Any CPU.ActiveCfg = Release|Any CPU
		{61DC850C-0768-422C-99A4-C4CCA4FB225E}.Release|Any CPU.Build.0 = Release|Any CPU
	EndGlobalSection
	GlobalSection(SolutionProperties) = preSolution
		HideSolutionNode = FALSE
	EndGlobalSection
	GlobalSection(ExtensibilityGlobals) = postSolution
		SolutionGuid = {AA309FC1-46AD-4782-AB73-34C77DAFC166}
	EndGlobalSection
EndGlobal
