
Microsoft Visual Studio Solution File, Format Version 12.00
# Visual Studio Version 16
VisualStudioVersion = 16.0.32802.440
MinimumVisualStudioVersion = 10.0.40219.1
Project("{FAE04EC0-301F-11D3-BF4B-00C04F79EFBC}") = "FahrenheitToCelsuis", "FahrenheitToCelsuis\FahrenheitToCelsuis.csproj", "{DEA3F718-4498-48D5-9A63-5C9E2AF0E494}"
EndProject
Global
	GlobalSection(SolutionConfigurationPlatforms) = preSolution
		Debug|Any CPU = Debug|Any CPU
		Release|Any CPU = Release|Any CPU
	EndGlobalSection
	GlobalSection(ProjectConfigurationPlatforms) = postSolution
		{DEA3F718-4498-48D5-9A63-5C9E2AF0E494}.Debug|Any CPU.ActiveCfg = Debug|Any CPU
		{DEA3F718-4498-48D5-9A63-5C9E2AF0E494}.Debug|Any CPU.Build.0 = Debug|Any CPU
		{DEA3F718-4498-48D5-9A63-5C9E2AF0E494}.Release|Any CPU.ActiveCfg = Release|Any CPU
		{DEA3F718-4498-48D5-9A63-5C9E2AF0E494}.Release|Any CPU.Build.0 = Release|Any CPU
	EndGlobalSection
	GlobalSection(SolutionProperties) = preSolution
		HideSolutionNode = FALSE
	EndGlobalSection
	GlobalSection(ExtensibilityGlobals) = postSolution
		SolutionGuid = {6E421756-F78A-4366-941B-6ACCB495FBDA}
	EndGlobalSection
EndGlobal
