
Microsoft Visual Studio Solution File, Format Version 12.00
# Visual Studio Version 16
VisualStudioVersion = 16.0.32802.440
MinimumVisualStudioVersion = 10.0.40219.1
Project("{FAE04EC0-301F-11D3-BF4B-00C04F79EFBC}") = "DemoEnums", "DemoEnums\DemoEnums.csproj", "{52497AF0-3C0A-4DEB-87F1-C05C3728747E}"
EndProject
Global
	GlobalSection(SolutionConfigurationPlatforms) = preSolution
		Debug|Any CPU = Debug|Any CPU
		Release|Any CPU = Release|Any CPU
	EndGlobalSection
	GlobalSection(ProjectConfigurationPlatforms) = postSolution
		{52497AF0-3C0A-4DEB-87F1-C05C3728747E}.Debug|Any CPU.ActiveCfg = Debug|Any CPU
		{52497AF0-3C0A-4DEB-87F1-C05C3728747E}.Debug|Any CPU.Build.0 = Debug|Any CPU
		{52497AF0-3C0A-4DEB-87F1-C05C3728747E}.Release|Any CPU.ActiveCfg = Release|Any CPU
		{52497AF0-3C0A-4DEB-87F1-C05C3728747E}.Release|Any CPU.Build.0 = Release|Any CPU
	EndGlobalSection
	GlobalSection(SolutionProperties) = preSolution
		HideSolutionNode = FALSE
	EndGlobalSection
	GlobalSection(ExtensibilityGlobals) = postSolution
		SolutionGuid = {75FA3720-3EF2-4623-888A-EC88E0942B4E}
	EndGlobalSection
EndGlobal
