
Microsoft Visual Studio Solution File, Format Version 12.00
# Visual Studio Version 17
VisualStudioVersion = 17.11.35303.130
MinimumVisualStudioVersion = 10.0.40219.1
Project("{FAE04EC0-301F-11D3-BF4B-00C04F79EFBC}") = "CheckMonth2", "CheckMonth2\CheckMonth2.csproj", "{A22400D7-A6EF-4C1B-8E26-46D45AEB090D}"
EndProject
Global
	GlobalSection(SolutionConfigurationPlatforms) = preSolution
		Debug|Any CPU = Debug|Any CPU
		Release|Any CPU = Release|Any CPU
	EndGlobalSection
	GlobalSection(ProjectConfigurationPlatforms) = postSolution
		{A22400D7-A6EF-4C1B-8E26-46D45AEB090D}.Debug|Any CPU.ActiveCfg = Debug|Any CPU
		{A22400D7-A6EF-4C1B-8E26-46D45AEB090D}.Debug|Any CPU.Build.0 = Debug|Any CPU
		{A22400D7-A6EF-4C1B-8E26-46D45AEB090D}.Release|Any CPU.ActiveCfg = Release|Any CPU
		{A22400D7-A6EF-4C1B-8E26-46D45AEB090D}.Release|Any CPU.Build.0 = Release|Any CPU
	EndGlobalSection
	GlobalSection(SolutionProperties) = preSolution
		HideSolutionNode = FALSE
	EndGlobalSection
	GlobalSection(ExtensibilityGlobals) = postSolution
		SolutionGuid = {FF9ED634-3755-4676-8EA4-EED96A33637D}
	EndGlobalSection
EndGlobal
