
Microsoft Visual Studio Solution File, Format Version 12.00
# Visual Studio Version 17
VisualStudioVersion = 17.7.34221.43
MinimumVisualStudioVersion = 10.0.40219.1
Project("{FAE04EC0-301F-11D3-BF4B-00C04F79EFBC}") = "ReturnRefDemo", "ReturnRefDemo\ReturnRefDemo.csproj", "{1E5B35EF-68F5-48E7-87A5-1010B8945498}"
EndProject
Global
	GlobalSection(SolutionConfigurationPlatforms) = preSolution
		Debug|Any CPU = Debug|Any CPU
		Release|Any CPU = Release|Any CPU
	EndGlobalSection
	GlobalSection(ProjectConfigurationPlatforms) = postSolution
		{1E5B35EF-68F5-48E7-87A5-1010B8945498}.Debug|Any CPU.ActiveCfg = Debug|Any CPU
		{1E5B35EF-68F5-48E7-87A5-1010B8945498}.Debug|Any CPU.Build.0 = Debug|Any CPU
		{1E5B35EF-68F5-48E7-87A5-1010B8945498}.Release|Any CPU.ActiveCfg = Release|Any CPU
		{1E5B35EF-68F5-48E7-87A5-1010B8945498}.Release|Any CPU.Build.0 = Release|Any CPU
	EndGlobalSection
	GlobalSection(SolutionProperties) = preSolution
		HideSolutionNode = FALSE
	EndGlobalSection
	GlobalSection(ExtensibilityGlobals) = postSolution
		SolutionGuid = {C146C758-F896-4224-99AE-FEBDA10EAD8F}
	EndGlobalSection
EndGlobal
