
Microsoft Visual Studio Solution File, Format Version 12.00
# Visual Studio Version 17
VisualStudioVersion = 17.7.34221.43
MinimumVisualStudioVersion = 10.0.40219.1
Project("{FAE04EC0-301F-11D3-BF4B-00C04F79EFBC}") = "SalesLetter", "SalesLetter\SalesLetter.csproj", "{64683DDF-41C9-48B3-A72D-737272A7A497}"
EndProject
Global
	GlobalSection(SolutionConfigurationPlatforms) = preSolution
		Debug|Any CPU = Debug|Any CPU
		Release|Any CPU = Release|Any CPU
	EndGlobalSection
	GlobalSection(ProjectConfigurationPlatforms) = postSolution
		{64683DDF-41C9-48B3-A72D-737272A7A497}.Debug|Any CPU.ActiveCfg = Debug|Any CPU
		{64683DDF-41C9-48B3-A72D-737272A7A497}.Debug|Any CPU.Build.0 = Debug|Any CPU
		{64683DDF-41C9-48B3-A72D-737272A7A497}.Release|Any CPU.ActiveCfg = Release|Any CPU
		{64683DDF-41C9-48B3-A72D-737272A7A497}.Release|Any CPU.Build.0 = Release|Any CPU
	EndGlobalSection
	GlobalSection(SolutionProperties) = preSolution
		HideSolutionNode = FALSE
	EndGlobalSection
	GlobalSection(ExtensibilityGlobals) = postSolution
		SolutionGuid = {037BB0B9-C617-497E-AB67-5C59A8533A52}
	EndGlobalSection
EndGlobal
