
Microsoft Visual Studio Solution File, Format Version 12.00
# Visual Studio Version 17
VisualStudioVersion = 17.11.35327.3
MinimumVisualStudioVersion = 10.0.40219.1
Project("{FAE04EC0-301F-11D3-BF4B-00C04F79EFBC}") = "TemperaturesComparison", "TemperaturesComparison\TemperaturesComparison.csproj", "{83F19FE6-4570-41E7-AB71-55BB3DE537AD}"
EndProject
Global
	GlobalSection(SolutionConfigurationPlatforms) = preSolution
		Debug|Any CPU = Debug|Any CPU
		Release|Any CPU = Release|Any CPU
	EndGlobalSection
	GlobalSection(ProjectConfigurationPlatforms) = postSolution
		{83F19FE6-4570-41E7-AB71-55BB3DE537AD}.Debug|Any CPU.ActiveCfg = Debug|Any CPU
		{83F19FE6-4570-41E7-AB71-55BB3DE537AD}.Debug|Any CPU.Build.0 = Debug|Any CPU
		{83F19FE6-4570-41E7-AB71-55BB3DE537AD}.Release|Any CPU.ActiveCfg = Release|Any CPU
		{83F19FE6-4570-41E7-AB71-55BB3DE537AD}.Release|Any CPU.Build.0 = Release|Any CPU
	EndGlobalSection
	GlobalSection(SolutionProperties) = preSolution
		HideSolutionNode = FALSE
	EndGlobalSection
	GlobalSection(ExtensibilityGlobals) = postSolution
		SolutionGuid = {DFEE0AA3-1C1A-47BB-98B4-9D9E0320D598}
	EndGlobalSection
EndGlobal
