
Microsoft Visual Studio Solution File, Format Version 12.00
# Visual Studio Version 16
VisualStudioVersion = 16.0.32802.440
MinimumVisualStudioVersion = 10.0.40219.1
Project("{FAE04EC0-301F-11D3-BF4B-00C04F79EFBC}") = "InchesToCentimeters", "InchesToCentimeters\InchesToCentimeters.csproj", "{E8AB6DE4-D615-4136-8469-26C14ADF26E0}"
EndProject
Global
	GlobalSection(SolutionConfigurationPlatforms) = preSolution
		Debug|Any CPU = Debug|Any CPU
		Release|Any CPU = Release|Any CPU
	EndGlobalSection
	GlobalSection(ProjectConfigurationPlatforms) = postSolution
		{E8AB6DE4-D615-4136-8469-26C14ADF26E0}.Debug|Any CPU.ActiveCfg = Debug|Any CPU
		{E8AB6DE4-D615-4136-8469-26C14ADF26E0}.Debug|Any CPU.Build.0 = Debug|Any CPU
		{E8AB6DE4-D615-4136-8469-26C14ADF26E0}.Release|Any CPU.ActiveCfg = Release|Any CPU
		{E8AB6DE4-D615-4136-8469-26C14ADF26E0}.Release|Any CPU.Build.0 = Release|Any CPU
	EndGlobalSection
	GlobalSection(SolutionProperties) = preSolution
		HideSolutionNode = FALSE
	EndGlobalSection
	GlobalSection(ExtensibilityGlobals) = postSolution
		SolutionGuid = {1845BBC9-1C87-4AD7-A934-FB94950AF5A6}
	EndGlobalSection
EndGlobal
