
Microsoft Visual Studio Solution File, Format Version 12.00
# Visual Studio Version 17
VisualStudioVersion = 17.11.35303.130
MinimumVisualStudioVersion = 10.0.40219.1
Project("{FAE04EC0-301F-11D3-BF4B-00C04F79EFBC}") = "MakeChangeGUI", "MakeChangeGUI\MakeChangeGUI.csproj", "{3A5E9214-8627-4C06-821C-D21FEAF5F8A7}"
EndProject
Global
	GlobalSection(SolutionConfigurationPlatforms) = preSolution
		Debug|Any CPU = Debug|Any CPU
		Release|Any CPU = Release|Any CPU
	EndGlobalSection
	GlobalSection(ProjectConfigurationPlatforms) = postSolution
		{3A5E9214-8627-4C06-821C-D21FEAF5F8A7}.Debug|Any CPU.ActiveCfg = Debug|Any CPU
		{3A5E9214-8627-4C06-821C-D21FEAF5F8A7}.Debug|Any CPU.Build.0 = Debug|Any CPU
		{3A5E9214-8627-4C06-821C-D21FEAF5F8A7}.Release|Any CPU.ActiveCfg = Release|Any CPU
		{3A5E9214-8627-4C06-821C-D21FEAF5F8A7}.Release|Any CPU.Build.0 = Release|Any CPU
	EndGlobalSection
	GlobalSection(SolutionProperties) = preSolution
		HideSolutionNode = FALSE
	EndGlobalSection
	GlobalSection(ExtensibilityGlobals) = postSolution
		SolutionGuid = {3B27AE9D-1637-468B-86F0-360FFB3F2567}
	EndGlobalSection
EndGlobal
