
Microsoft Visual Studio Solution File, Format Version 12.00
# Visual Studio Version 16
VisualStudioVersion = 16.0.32802.440
MinimumVisualStudioVersion = 10.0.40219.1
Project("{FAE04EC0-301F-11D3-BF4B-00C04F79EFBC}") = "Variables1", "Variables1\Variables1.csproj", "{9FEA793D-14F3-403E-BAC6-0007C994ABDB}"
EndProject
Global
	GlobalSection(SolutionConfigurationPlatforms) = preSolution
		Debug|Any CPU = Debug|Any CPU
		Release|Any CPU = Release|Any CPU
	EndGlobalSection
	GlobalSection(ProjectConfigurationPlatforms) = postSolution
		{9FEA793D-14F3-403E-BAC6-0007C994ABDB}.Debug|Any CPU.ActiveCfg = Debug|Any CPU
		{9FEA793D-14F3-403E-BAC6-0007C994ABDB}.Debug|Any CPU.Build.0 = Debug|Any CPU
		{9FEA793D-14F3-403E-BAC6-0007C994ABDB}.Release|Any CPU.ActiveCfg = Release|Any CPU
		{9FEA793D-14F3-403E-BAC6-0007C994ABDB}.Release|Any CPU.Build.0 = Release|Any CPU
	EndGlobalSection
	GlobalSection(SolutionProperties) = preSolution
		HideSolutionNode = FALSE
	EndGlobalSection
	GlobalSection(ExtensibilityGlobals) = postSolution
		SolutionGuid = {A4F52EA0-8AF5-4929-9FD6-A9ABAC1FD064}
	EndGlobalSection
EndGlobal
