
Microsoft Visual Studio Solution File, Format Version 12.00
# Visual Studio Version 17
VisualStudioVersion = 17.11.35327.3
MinimumVisualStudioVersion = 10.0.40219.1
Project("{FAE04EC0-301F-11D3-BF4B-00C04F79EFBC}") = "TestScoreList", "TestScoreList\TestScoreList.csproj", "{A9D87C64-3E19-4F75-AA55-0852525F9593}"
EndProject
Global
	GlobalSection(SolutionConfigurationPlatforms) = preSolution
		Debug|Any CPU = Debug|Any CPU
		Release|Any CPU = Release|Any CPU
	EndGlobalSection
	GlobalSection(ProjectConfigurationPlatforms) = postSolution
		{A9D87C64-3E19-4F75-AA55-0852525F9593}.Debug|Any CPU.ActiveCfg = Debug|Any CPU
		{A9D87C64-3E19-4F75-AA55-0852525F9593}.Debug|Any CPU.Build.0 = Debug|Any CPU
		{A9D87C64-3E19-4F75-AA55-0852525F9593}.Release|Any CPU.ActiveCfg = Release|Any CPU
		{A9D87C64-3E19-4F75-AA55-0852525F9593}.Release|Any CPU.Build.0 = Release|Any CPU
	EndGlobalSection
	GlobalSection(SolutionProperties) = preSolution
		HideSolutionNode = FALSE
	EndGlobalSection
	GlobalSection(ExtensibilityGlobals) = postSolution
		SolutionGuid = {E82596B5-6F0E-4298-9739-7160C357B1F3}
	EndGlobalSection
EndGlobal
