
Microsoft Visual Studio Solution File, Format Version 12.00
# Visual Studio Version 17
VisualStudioVersion = 17.11.35303.130
MinimumVisualStudioVersion = 10.0.40219.1
Project("{FAE04EC0-301F-11D3-BF4B-00C04F79EFBC}") = "EggsInteractiveGUI", "EggsInteractiveGUI\EggsInteractiveGUI.csproj", "{FDA6D192-F6E8-45B8-83EE-A1D5B8332989}"
EndProject
Global
	GlobalSection(SolutionConfigurationPlatforms) = preSolution
		Debug|Any CPU = Debug|Any CPU
		Release|Any CPU = Release|Any CPU
	EndGlobalSection
	GlobalSection(ProjectConfigurationPlatforms) = postSolution
		{FDA6D192-F6E8-45B8-83EE-A1D5B8332989}.Debug|Any CPU.ActiveCfg = Debug|Any CPU
		{FDA6D192-F6E8-45B8-83EE-A1D5B8332989}.Debug|Any CPU.Build.0 = Debug|Any CPU
		{FDA6D192-F6E8-45B8-83EE-A1D5B8332989}.Release|Any CPU.ActiveCfg = Release|Any CPU
		{FDA6D192-F6E8-45B8-83EE-A1D5B8332989}.Release|Any CPU.Build.0 = Release|Any CPU
	EndGlobalSection
	GlobalSection(SolutionProperties) = preSolution
		HideSolutionNode = FALSE
	EndGlobalSection
	GlobalSection(ExtensibilityGlobals) = postSolution
		SolutionGuid = {66F591ED-93D4-4028-AE7B-54D76D3BF398}
	EndGlobalSection
EndGlobal
