
Microsoft Visual Studio Solution File, Format Version 12.00
# Visual Studio Version 17
VisualStudioVersion = 17.7.34221.43
MinimumVisualStudioVersion = 10.0.40219.1
Project("{FAE04EC0-301F-11D3-BF4B-00C04F79EFBC}") = "WebAddress", "WebAddress\WebAddress.csproj", "{494D678C-0E3A-4134-B661-87B47BF816C0}"
EndProject
Global
	GlobalSection(SolutionConfigurationPlatforms) = preSolution
		Debug|Any CPU = Debug|Any CPU
		Release|Any CPU = Release|Any CPU
	EndGlobalSection
	GlobalSection(ProjectConfigurationPlatforms) = postSolution
		{494D678C-0E3A-4134-B661-87B47BF816C0}.Debug|Any CPU.ActiveCfg = Debug|Any CPU
		{494D678C-0E3A-4134-B661-87B47BF816C0}.Debug|Any CPU.Build.0 = Debug|Any CPU
		{494D678C-0E3A-4134-B661-87B47BF816C0}.Release|Any CPU.ActiveCfg = Release|Any CPU
		{494D678C-0E3A-4134-B661-87B47BF816C0}.Release|Any CPU.Build.0 = Release|Any CPU
	EndGlobalSection
	GlobalSection(SolutionProperties) = preSolution
		HideSolutionNode = FALSE
	EndGlobalSection
	GlobalSection(ExtensibilityGlobals) = postSolution
		SolutionGuid = {8F3C1D5B-D2A5-4004-A3A2-478391E45E16}
	EndGlobalSection
EndGlobal
